
Microsoft Visual Studio Solution File, Format Version 12.00
# Visual Studio Version 17
VisualStudioVersion = 17.2.32519.379
MinimumVisualStudioVersion = 10.0.40219.1
Project("{FAE04EC0-301F-11D3-BF4B-00C04F79EFBC}") = "Poiskfile", "Poiskfile\Poiskfile.csproj", "{8C74EEB5-3C89-426F-923F-5CF969276AA1}"
EndProject
Global
	GlobalSection(SolutionConfigurationPlatforms) = preSolution
		Debug|Any CPU = Debug|Any CPU
		Release|Any CPU = Release|Any CPU
	EndGlobalSection
	GlobalSection(ProjectConfigurationPlatforms) = postSolution
		{8C74EEB5-3C89-426F-923F-5CF969276AA1}.Debug|Any CPU.ActiveCfg = Debug|Any CPU
		{8C74EEB5-3C89-426F-923F-5CF969276AA1}.Debug|Any CPU.Build.0 = Debug|Any CPU
		{8C74EEB5-3C89-426F-923F-5CF969276AA1}.Release|Any CPU.ActiveCfg = Release|Any CPU
		{8C74EEB5-3C89-426F-923F-5CF969276AA1}.Release|Any CPU.Build.0 = Release|Any CPU
	EndGlobalSection
	GlobalSection(SolutionProperties) = preSolution
		HideSolutionNode = FALSE
	EndGlobalSection
	GlobalSection(ExtensibilityGlobals) = postSolution
		SolutionGuid = {8ED7C338-2306-42E3-A3DF-CF3F169EDF2E}
	EndGlobalSection
EndGlobal
